
Microsoft Visual Studio Solution File, Format Version 12.00
# Visual Studio Version 16
VisualStudioVersion = 16.0.31025.218
MinimumVisualStudioVersion = 10.0.40219.1
Project("{8BC9CEB8-8B4A-11D0-8D11-00A0C91BC942}") = "hello-world", "hello-world\hello-world.vcxproj", "{635E49E6-7480-4115-9769-294DF899E746}"
EndProject
Project("{8BC9CEB8-8B4A-11D0-8D11-00A0C91BC942}") = "goorm-bit2", "goorm-bit2\goorm-bit2.vcxproj", "{E2FB18E8-E3C5-4E42-AF86-0536D298C879}"
EndProject
Project("{8BC9CEB8-8B4A-11D0-8D11-00A0C91BC942}") = "goorm-find-the-factors", "goorm-find-the-factors\goorm-find-the-factors.vcxproj", "{E464818C-6A3D-49E4-AB03-A7610C2012ED}"
EndProject
Project("{8BC9CEB8-8B4A-11D0-8D11-00A0C91BC942}") = "goorm-summerizing-multiple-3-and-5", "goorm-summerizing-multiple-3-and-5\goorm-summerizing-multiple-3-and-5.vcxproj", "{D2C5967F-B378-47C0-9D2F-11393E37B39A}"
EndProject
Project("{8BC9CEB8-8B4A-11D0-8D11-00A0C91BC942}") = "goorm-prime-detector", "goorm-prime-detector\goorm-prime-detector.vcxproj", "{C4AF6F2B-667D-4E30-A08E-0745B3B0028B}"
EndProject
Project("{8BC9CEB8-8B4A-11D0-8D11-00A0C91BC942}") = "groom-get-average-score", "groom-get-average-score\groom-get-average-score.vcxproj", "{3B2C2F60-2B26-4C29-A4F7-AF8EDC69E672}"
EndProject
Project("{8BC9CEB8-8B4A-11D0-8D11-00A0C91BC942}") = "goorm-amusement-park", "goorm-amusement-park\goorm-amusement-park.vcxproj", "{36DD457E-32DF-413E-87AD-6671154CBAFE}"
EndProject
Global
	GlobalSection(SolutionConfigurationPlatforms) = preSolution
		Debug|x64 = Debug|x64
		Debug|x86 = Debug|x86
		Release|x64 = Release|x64
		Release|x86 = Release|x86
	EndGlobalSection
	GlobalSection(ProjectConfigurationPlatforms) = postSolution
		{635E49E6-7480-4115-9769-294DF899E746}.Debug|x64.ActiveCfg = Debug|x64
		{635E49E6-7480-4115-9769-294DF899E746}.Debug|x64.Build.0 = Debug|x64
		{635E49E6-7480-4115-9769-294DF899E746}.Debug|x86.ActiveCfg = Debug|Win32
		{635E49E6-7480-4115-9769-294DF899E746}.Debug|x86.Build.0 = Debug|Win32
		{635E49E6-7480-4115-9769-294DF899E746}.Release|x64.ActiveCfg = Release|x64
		{635E49E6-7480-4115-9769-294DF899E746}.Release|x64.Build.0 = Release|x64
		{635E49E6-7480-4115-9769-294DF899E746}.Release|x86.ActiveCfg = Release|Win32
		{635E49E6-7480-4115-9769-294DF899E746}.Release|x86.Build.0 = Release|Win32
		{E2FB18E8-E3C5-4E42-AF86-0536D298C879}.Debug|x64.ActiveCfg = Debug|x64
		{E2FB18E8-E3C5-4E42-AF86-0536D298C879}.Debug|x64.Build.0 = Debug|x64
		{E2FB18E8-E3C5-4E42-AF86-0536D298C879}.Debug|x86.ActiveCfg = Debug|Win32
		{E2FB18E8-E3C5-4E42-AF86-0536D298C879}.Debug|x86.Build.0 = Debug|Win32
		{E2FB18E8-E3C5-4E42-AF86-0536D298C879}.Release|x64.ActiveCfg = Release|x64
		{E2FB18E8-E3C5-4E42-AF86-0536D298C879}.Release|x64.Build.0 = Release|x64
		{E2FB18E8-E3C5-4E42-AF86-0536D298C879}.Release|x86.ActiveCfg = Release|Win32
		{E2FB18E8-E3C5-4E42-AF86-0536D298C879}.Release|x86.Build.0 = Release|Win32
		{E464818C-6A3D-49E4-AB03-A7610C2012ED}.Debug|x64.ActiveCfg = Debug|x64
		{E464818C-6A3D-49E4-AB03-A7610C2012ED}.Debug|x64.Build.0 = Debug|x64
		{E464818C-6A3D-49E4-AB03-A7610C2012ED}.Debug|x86.ActiveCfg = Debug|Win32
		{E464818C-6A3D-49E4-AB03-A7610C2012ED}.Debug|x86.Build.0 = Debug|Win32
		{E464818C-6A3D-49E4-AB03-A7610C2012ED}.Release|x64.ActiveCfg = Release|x64
		{E464818C-6A3D-49E4-AB03-A7610C2012ED}.Release|x64.Build.0 = Release|x64
		{E464818C-6A3D-49E4-AB03-A7610C2012ED}.Release|x86.ActiveCfg = Release|Win32
		{E464818C-6A3D-49E4-AB03-A7610C2012ED}.Release|x86.Build.0 = Release|Win32
		{D2C5967F-B378-47C0-9D2F-11393E37B39A}.Debug|x64.ActiveCfg = Debug|x64
		{D2C5967F-B378-47C0-9D2F-11393E37B39A}.Debug|x64.Build.0 = Debug|x64
		{D2C5967F-B378-47C0-9D2F-11393E37B39A}.Debug|x86.ActiveCfg = Debug|Win32
		{D2C5967F-B378-47C0-9D2F-11393E37B39A}.Debug|x86.Build.0 = Debug|Win32
		{D2C5967F-B378-47C0-9D2F-11393E37B39A}.Release|x64.ActiveCfg = Release|x64
		{D2C5967F-B378-47C0-9D2F-11393E37B39A}.Release|x64.Build.0 = Release|x64
		{D2C5967F-B378-47C0-9D2F-11393E37B39A}.Release|x86.ActiveCfg = Release|Win32
		{D2C5967F-B378-47C0-9D2F-11393E37B39A}.Release|x86.Build.0 = Release|Win32
		{C4AF6F2B-667D-4E30-A08E-0745B3B0028B}.Debug|x64.ActiveCfg = Debug|x64
		{C4AF6F2B-667D-4E30-A08E-0745B3B0028B}.Debug|x64.Build.0 = Debug|x64
		{C4AF6F2B-667D-4E30-A08E-0745B3B0028B}.Debug|x86.ActiveCfg = Debug|Win32
		{C4AF6F2B-667D-4E30-A08E-0745B3B0028B}.Debug|x86.Build.0 = Debug|Win32
		{C4AF6F2B-667D-4E30-A08E-0745B3B0028B}.Release|x64.ActiveCfg = Release|x64
		{C4AF6F2B-667D-4E30-A08E-0745B3B0028B}.Release|x64.Build.0 = Release|x64
		{C4AF6F2B-667D-4E30-A08E-0745B3B0028B}.Release|x86.ActiveCfg = Release|Win32
		{C4AF6F2B-667D-4E30-A08E-0745B3B0028B}.Release|x86.Build.0 = Release|Win32
		{3B2C2F60-2B26-4C29-A4F7-AF8EDC69E672}.Debug|x64.ActiveCfg = Debug|x64
		{3B2C2F60-2B26-4C29-A4F7-AF8EDC69E672}.Debug|x64.Build.0 = Debug|x64
		{3B2C2F60-2B26-4C29-A4F7-AF8EDC69E672}.Debug|x86.ActiveCfg = Debug|Win32
		{3B2C2F60-2B26-4C29-A4F7-AF8EDC69E672}.Debug|x86.Build.0 = Debug|Win32
		{3B2C2F60-2B26-4C29-A4F7-AF8EDC69E672}.Release|x64.ActiveCfg = Release|x64
		{3B2C2F60-2B26-4C29-A4F7-AF8EDC69E672}.Release|x64.Build.0 = Release|x64
		{3B2C2F60-2B26-4C29-A4F7-AF8EDC69E672}.Release|x86.ActiveCfg = Release|Win32
		{3B2C2F60-2B26-4C29-A4F7-AF8EDC69E672}.Release|x86.Build.0 = Release|Win32
		{36DD457E-32DF-413E-87AD-6671154CBAFE}.Debug|x64.ActiveCfg = Debug|x64
		{36DD457E-32DF-413E-87AD-6671154CBAFE}.Debug|x64.Build.0 = Debug|x64
		{36DD457E-32DF-413E-87AD-6671154CBAFE}.Debug|x86.ActiveCfg = Debug|Win32
		{36DD457E-32DF-413E-87AD-6671154CBAFE}.Debug|x86.Build.0 = Debug|Win32
		{36DD457E-32DF-413E-87AD-6671154CBAFE}.Release|x64.ActiveCfg = Release|x64
		{36DD457E-32DF-413E-87AD-6671154CBAFE}.Release|x64.Build.0 = Release|x64
		{36DD457E-32DF-413E-87AD-6671154CBAFE}.Release|x86.ActiveCfg = Release|Win32
		{36DD457E-32DF-413E-87AD-6671154CBAFE}.Release|x86.Build.0 = Release|Win32
	EndGlobalSection
	GlobalSection(SolutionProperties) = preSolution
		HideSolutionNode = FALSE
	EndGlobalSection
	GlobalSection(ExtensibilityGlobals) = postSolution
		SolutionGuid = {48FF19DC-B619-4267-8969-6C311A7497A2}
	EndGlobalSection
EndGlobal
